{
  "name": "form-submission",
  "version": "1.0.0",
  "lockfileVersion": 2,
  "requires": true,
  "packages": {
    "": {
      "name": "form-submission",
      "version": "1.0.0",
      "license": "ISC",
      "dependencies": {
        "intl-tel-input": "^18.1.3"
      }
    },
    "node_modules/intl-tel-input": {
      "version": "18.1.3",
      "resolved": "https://registry.npmjs.org/intl-tel-input/-/intl-tel-input-18.1.3.tgz",
      "integrity": "sha512-5pyt4HA5fZewCnmjIbNJg1bLVWgePlcbga6ilr7KfdIYUYUtAAJmhK+FWS3Y7Hoz5cbAw/q1rdihNSzOvw16xw=="
    }
  },
  "dependencies": {
    "intl-tel-input": {
      "version": "18.1.3",
      "resolved": "https://registry.npmjs.org/intl-tel-input/-/intl-tel-input-18.1.3.tgz",
      "integrity": "sha512-5pyt4HA5fZewCnmjIbNJg1bLVWgePlcbga6ilr7KfdIYUYUtAAJmhK+FWS3Y7Hoz5cbAw/q1rdihNSzOvw16xw=="
    }
  }
}
